// !$*UTF8*$!
{
	archiveVersion = 1;
	classes = {
	};
	objectVersion = 50;
	objects = {

/* Begin PBXBuildFile section */
		FA0FB99A21728DA500B27261 /* AppDelegate.swift in Sources */ = {isa = PBXBuildFile; fileRef = FA0FB99921728DA500B27261 /* AppDelegate.swift */; };
		FA0FB99C21728DA500B27261 /* ViewController.swift in Sources */ = {isa = PBXBuildFile; fileRef = FA0FB99B21728DA500B27261 /* ViewController.swift */; };
		FA0FB99F21728DA500B27261 /* Main.storyboard in Resources */ = {isa = PBXBuildFile; fileRef = FA0FB99D21728DA500B27261 /* Main.storyboard */; };
		FA0FB9A121728DA600B27261 /* Assets.xcassets in Resources */ = {isa = PBXBuildFile; fileRef = FA0FB9A021728DA600B27261 /* Assets.xcassets */; };
		FA0FB9A421728DA600B27261 /* LaunchScreen.storyboard in Resources */ = {isa = PBXBuildFile; fileRef = FA0FB9A221728DA600B27261 /* LaunchScreen.storyboard */; };
		FA0FB9AF21728DA600B27261 /* FlashCardsTests.swift in Sources */ = {isa = PBXBuildFile; fileRef = FA0FB9AE21728DA600B27261 /* FlashCardsTests.swift */; };
		FA0FB9BA21728DA600B27261 /* FlashCardsUITests.swift in Sources */ = {isa = PBXBuildFile; fileRef = FA0FB9B921728DA600B27261 /* FlashCardsUITests.swift */; };
/* End PBXBuildFile section */

/* Begin PBXContainerItemProxy section */
		FA0FB9AB21728DA600B27261 /* PBXContainerItemProxy */ = {
			isa = PBXContainerItemProxy;
			containerPortal = FA0FB98E21728DA500B27261 /* Project object */;
			proxyType = 1;
			remoteGlobalIDString = FA0FB99521728DA500B27261;
			remoteInfo = FlashCards;
		};
		FA0FB9B621728DA600B27261 /* PBXContainerItemProxy */ = {
			isa = PBXContainerItemProxy;
			containerPortal = FA0FB98E21728DA500B27261 /* Project object */;
			proxyType = 1;
			remoteGlobalIDString = FA0FB99521728DA500B27261;
			remoteInfo = FlashCards;
		};
/* End PBXContainerItemProxy section */

/* Begin PBXFileReference section */
		FA0FB99621728DA500B27261 /* FlashCards.app */ = {isa = PBXFileReference; explicitFileType = wrapper.application; includeInIndex = 0; path = FlashCards.app; sourceTree = BUILT_PRODUCTS_DIR; };
		FA0FB99921728DA500B27261 /* AppDelegate.swift */ = {isa = PBXFileReference; lastKnownFileType = sourcecode.swift; path = AppDelegate.swift; sourceTree = "<group>"; };
		FA0FB99B21728DA500B27261 /* ViewController.swift */ = {isa = PBXFileReference; lastKnownFileType = sourcecode.swift; path = ViewController.swift; sourceTree = "<group>"; };
		FA0FB99E21728DA500B27261 /* Base */ = {isa = PBXFileReference; lastKnownFileType = file.storyboard; name = Base; path = Base.lproj/Main.storyboard; sourceTree = "<group>"; };
		FA0FB9A021728DA600B27261 /* Assets.xcassets */ = {isa = PBXFileReference; lastKnownFileType = folder.assetcatalog; path = Assets.xcassets; sourceTree = "<group>"; };
		FA0FB9A321728DA600B27261 /* Base */ = {isa = PBXFileReference; lastKnownFileType = file.storyboard; name = Base; path = Base.lproj/LaunchScreen.storyboard; sourceTree = "<group>"; };
		FA0FB9A521728DA600B27261 /* Info.plist */ = {isa = PBXFileReference; lastKnownFileType = text.plist.xml; path = Info.plist; sourceTree = "<group>"; };
		FA0FB9AA21728DA600B27261 /* FlashCardsTests.xctest */ = {isa = PBXFileReference; explicitFileType = wrapper.cfbundle; includeInIndex = 0; path = FlashCardsTests.xctest; sourceTree = BUILT_PRODUCTS_DIR; };
		FA0FB9AE21728DA600B27261 /* FlashCardsTests.swift */ = {isa = PBXFileReference; lastKnownFileType = sourcecode.swift; path = FlashCardsTests.swift; sourceTree = "<group>"; };
		FA0FB9B021728DA600B27261 /* Info.plist */ = {isa = PBXFileReference; lastKnownFileType = text.plist.xml; path = Info.plist; sourceTree = "<group>"; };
		FA0FB9B521728DA600B27261 /* FlashCardsUITests.xctest */ = {isa = PBXFileReference; explicitFileType = wrapper.cfbundle; includeInIndex = 0; path = FlashCardsUITests.xctest; sourceTree = BUILT_PRODUCTS_DIR; };
		FA0FB9B921728DA600B27261 /* FlashCardsUITests.swift */ = {isa = PBXFileReference; lastKnownFileType = sourcecode.swift; path = FlashCardsUITests.swift; sourceTree = "<group>"; };
		FA0FB9BB21728DA600B27261 /* Info.plist */ = {isa = PBXFileReference; lastKnownFileType = text.plist.xml; path = Info.plist; sourceTree = "<group>"; };
/* End PBXFileReference section */

/* Begin PBXFrameworksBuildPhase section */
		FA0FB99321728DA500B27261 /* Frameworks */ = {
			isa = PBXFrameworksBuildPhase;
			buildActionMask = 2147483647;
			files = (
			);
			runOnlyForDeploymentPostprocessing = 0;
		};
		FA0FB9A721728DA600B27261 /* Frameworks */ = {
			isa = PBXFrameworksBuildPhase;
			buildActionMask = 2147483647;
			files = (
			);
			runOnlyForDeploymentPostprocessing = 0;
		};
		FA0FB9B221728DA600B27261 /* Frameworks */ = {
			isa = PBXFrameworksBuildPhase;
			buildActionMask = 2147483647;
			files = (
			);
			runOnlyForDeploymentPostprocessing = 0;
		};
/* End PBXFrameworksBuildPhase section */

/* Begin PBXGroup section */
		FA0FB98D21728DA500B27261 = {
			isa = PBXGroup;
			children = (
				FA0FB99821728DA500B27261 /* FlashCards */,
				FA0FB9AD21728DA600B27261 /* FlashCardsTests */,
				FA0FB9B821728DA600B27261 /* FlashCardsUITests */,
				FA0FB99721728DA500B27261 /* Products */,
			);
			sourceTree = "<group>";
		};
		FA0FB99721728DA500B27261 /* Products */ = {
			isa = PBXGroup;
			children = (
				FA0FB99621728DA500B27261 /* FlashCards.app */,
				FA0FB9AA21728DA600B27261 /* FlashCardsTests.xctest */,
				FA0FB9B521728DA600B27261 /* FlashCardsUITests.xctest */,
			);
			name = Products;
			sourceTree = "<group>";
		};
		FA0FB99821728DA500B27261 /* FlashCards */ = {
			isa = PBXGroup;
			children = (
				FA0FB99B21728DA500B27261 /* ViewController.swift */,
				FA0FB99921728DA500B27261 /* AppDelegate.swift */,
				FA0FB99D21728DA500B27261 /* Main.storyboard */,
				FA0FB9A021728DA600B27261 /* Assets.xcassets */,
				FA0FB9A221728DA600B27261 /* LaunchScreen.storyboard */,
				FA0FB9A521728DA600B27261 /* Info.plist */,
			);
			path = FlashCards;
			sourceTree = "<group>";
		};
		FA0FB9AD21728DA600B27261 /* FlashCardsTests */ = {
			isa = PBXGroup;
			children = (
				FA0FB9AE21728DA600B27261 /* FlashCardsTests.swift */,
				FA0FB9B021728DA600B27261 /* Info.plist */,
			);
			path = FlashCardsTests;
			sourceTree = "<group>";
		};
		FA0FB9B821728DA600B27261 /* FlashCardsUITests */ = {
			isa = PBXGroup;
			children = (
				FA0FB9B921728DA600B27261 /* FlashCardsUITests.swift */,
				FA0FB9BB21728DA600B27261 /* Info.plist */,
			);
			path = FlashCardsUITests;
			sourceTree = "<group>";
		};
/* End PBXGroup section */

/* Begin PBXNativeTarget section */
		FA0FB99521728DA500B27261 /* FlashCards */ = {
			isa = PBXNativeTarget;
			buildConfigurationList = FA0FB9BE21728DA600B27261 /* Build configuration list for PBXNativeTarget "FlashCards" */;
			buildPhases = (
				FA0FB99221728DA500B27261 /* Sources */,
				FA0FB99321728DA500B27261 /* Frameworks */,
				FA0FB99421728DA500B27261 /* Resources */,
			);
			buildRules = (
			);
			dependencies = (
			);
			name = FlashCards;
			productName = FlashCards;
			productReference = FA0FB99621728DA500B27261 /* FlashCards.app */;
			productType = "com.apple.product-type.application";
		};
		FA0FB9A921728DA600B27261 /* FlashCardsTests */ = {
			isa = PBXNativeTarget;
			buildConfigurationList = FA0FB9C121728DA600B27261 /* Build configuration list for PBXNativeTarget "FlashCardsTests" */;
			buildPhases = (
				FA0FB9A621728DA600B27261 /* Sources */,
				FA0FB9A721728DA600B27261 /* Frameworks */,
				FA0FB9A821728DA600B27261 /* Resources */,
			);
			buildRules = (
			);
			dependencies = (
				FA0FB9AC21728DA600B27261 /* PBXTargetDependency */,
			);
			name = FlashCardsTests;
			productName = FlashCardsTests;
			productReference = FA0FB9AA21728DA600B27261 /* FlashCardsTests.xctest */;
			productType = "com.apple.product-type.bundle.unit-test";
		};
		FA0FB9B421728DA600B27261 /* FlashCardsUITests */ = {
			isa = PBXNativeTarget;
			buildConfigurationList = FA0FB9C421728DA600B27261 /* Build configuration list for PBXNativeTarget "FlashCardsUITests" */;
			buildPhases = (
				FA0FB9B121728DA600B27261 /* Sources */,
				FA0FB9B221728DA600B27261 /* Frameworks */,
				FA0FB9B321728DA600B27261 /* Resources */,
			);
			buildRules = (
			);
			dependencies = (
				FA0FB9B721728DA600B27261 /* PBXTargetDependency */,
			);
			name = FlashCardsUITests;
			productName = FlashCardsUITests;
			productReference = FA0FB9B521728DA600B27261 /* FlashCardsUITests.xctest */;
			productType = "com.apple.product-type.bundle.ui-testing";
		};
/* End PBXNativeTarget section */

/* Begin PBXProject section */
		FA0FB98E21728DA500B27261 /* Project object */ = {
			isa = PBXProject;
			attributes = {
				LastSwiftUpdateCheck = 0940;
				LastUpgradeCheck = 0940;
				ORGANIZATIONNAME = "Alex Kowalczuk";
				TargetAttributes = {
					FA0FB99521728DA500B27261 = {
						CreatedOnToolsVersion = 9.4.1;
					};
					FA0FB9A921728DA600B27261 = {
						CreatedOnToolsVersion = 9.4.1;
						TestTargetID = FA0FB99521728DA500B27261;
					};
					FA0FB9B421728DA600B27261 = {
						CreatedOnToolsVersion = 9.4.1;
						TestTargetID = FA0FB99521728DA500B27261;
					};
				};
			};
			buildConfigurationList = FA0FB99121728DA500B27261 /* Build configuration list for PBXProject "FlashCards" */;
			compatibilityVersion = "Xcode 9.3";
			developmentRegion = en;
			hasScannedForEncodings = 0;
			knownRegions = (
				en,
				Base,
			);
			mainGroup = FA0FB98D21728DA500B27261;
			productRefGroup = FA0FB99721728DA500B27261 /* Products */;
			projectDirPath = "";
			projectRoot = "";
			targets = (
				FA0FB99521728DA500B27261 /* FlashCards */,
				FA0FB9A921728DA600B27261 /* FlashCardsTests */,
				FA0FB9B421728DA600B27261 /* FlashCardsUITests */,
			);
		};
/* End PBXProject section */

/* Begin PBXResourcesBuildPhase section */
		FA0FB99421728DA500B27261 /* Resources */ = {
			isa = PBXResourcesBuildPhase;
			buildActionMask = 2147483647;
			files = (
				FA0FB9A421728DA600B27261 /* LaunchScreen.storyboard in Resources */,
				FA0FB9A121728DA600B27261 /* Assets.xcassets in Resources */,
				FA0FB99F21728DA500B27261 /* Main.storyboard in Resources */,
			);
			runOnlyForDeploymentPostprocessing = 0;
		};
		FA0FB9A821728DA600B27261 /* Resources */ = {
			isa = PBXResourcesBuildPhase;
			buildActionMask = 2147483647;
			files = (
			);
			runOnlyForDeploymentPostprocessing = 0;
		};
		FA0FB9B321728DA600B27261 /* Resources */ = {
			isa = PBXResourcesBuildPhase;
			buildActionMask = 2147483647;
			files = (
			);
			runOnlyForDeploymentPostprocessing = 0;
		};
/* End PBXResourcesBuildPhase section */

/* Begin PBXSourcesBuildPhase section */
		FA0FB99221728DA500B27261 /* Sources */ = {
			isa = PBXSourcesBuildPhase;
			buildActionMask = 2147483647;
			files = (
				FA0FB99C21728DA500B27261 /* ViewController.swift in Sources */,
				FA0FB99A21728DA500B27261 /* AppDelegate.swift in Sources */,
			);
			runOnlyForDeploymentPostprocessing = 0;
		};
		FA0FB9A621728DA600B27261 /* Sources */ = {
			isa = PBXSourcesBuildPhase;
			buildActionMask = 2147483647;
			files = (
				FA0FB9AF21728DA600B27261 /* FlashCardsTests.swift in Sources */,
			);
			runOnlyForDeploymentPostprocessing = 0;
		};
		FA0FB9B121728DA600B27261 /* Sources */ = {
			isa = PBXSourcesBuildPhase;
			buildActionMask = 2147483647;
			files = (
				FA0FB9BA21728DA600B27261 /* FlashCardsUITests.swift in Sources */,
			);
			runOnlyForDeploymentPostprocessing = 0;
		};
/* End PBXSourcesBuildPhase section */

/* Begin PBXTargetDependency section */
		FA0FB9AC21728DA600B27261 /* PBXTargetDependency */ = {
			isa = PBXTargetDependency;
			target = FA0FB99521728DA500B27261 /* FlashCards */;
			targetProxy = FA0FB9AB21728DA600B27261 /* PBXContainerItemProxy */;
		};
		FA0FB9B721728DA600B27261 /* PBXTargetDependency */ = {
			isa = PBXTargetDependency;
			target = FA0FB99521728DA500B27261 /* FlashCards */;
			targetProxy = FA0FB9B621728DA600B27261 /* PBXContainerItemProxy */;
		};
/* End PBXTargetDependency section */

/* Begin PBXVariantGroup section */
		FA0FB99D21728DA500B27261 /* Main.storyboard */ = {
			isa = PBXVariantGroup;
			children = (
				FA0FB99E21728DA500B27261 /* Base */,
			);
			name = Main.storyboard;
			sourceTree = "<group>";
		};
		FA0FB9A221728DA600B27261 /* LaunchScreen.storyboard */ = {
			isa = PBXVariantGroup;
			children = (
				FA0FB9A321728DA600B27261 /* Base */,
			);
			name = LaunchScreen.storyboard;
			sourceTree = "<group>";
		};
/* End PBXVariantGroup section */

/* Begin XCBuildConfiguration section */
		FA0FB9BC21728DA600B27261 /* Debug */ = {
			isa = XCBuildConfiguration;
			buildSettings = {
				ALWAYS_SEARCH_USER_PATHS = NO;
				CLANG_ANALYZER_NONNULL = YES;
				CLANG_ANALYZER_NUMBER_OBJECT_CONVERSION = YES_AGGRESSIVE;
				CLANG_CXX_LANGUAGE_STANDARD = "gnu++14";
				CLANG_CXX_LIBRARY = "libc++";
				CLANG_ENABLE_MODULES = YES;
				CLANG_ENABLE_OBJC_ARC = YES;
				CLANG_ENABLE_OBJC_WEAK = YES;
				CLANG_WARN_BLOCK_CAPTURE_AUTORELEASING = YES;
				CLANG_WARN_BOOL_CONVERSION = YES;
				CLANG_WARN_COMMA = YES;
				CLANG_WARN_CONSTANT_CONVERSION = YES;
				CLANG_WARN_DEPRECATED_OBJC_IMPLEMENTATIONS = YES;
				CLANG_WARN_DIRECT_OBJC_ISA_USAGE = YES_ERROR;
				CLANG_WARN_DOCUMENTATION_COMMENTS = YES;
				CLANG_WARN_EMPTY_BODY = YES;
				CLANG_WARN_ENUM_CONVERSION = YES;
				CLANG_WARN_INFINITE_RECURSION = YES;
				CLANG_WARN_INT_CONVERSION = YES;
				CLANG_WARN_NON_LITERAL_NULL_CONVERSION = YES;
				CLANG_WARN_OBJC_IMPLICIT_RETAIN_SELF = YES;
				CLANG_WARN_OBJC_LITERAL_CONVERSION = YES;
				CLANG_WARN_OBJC_ROOT_CLASS = YES_ERROR;
				CLANG_WARN_RANGE_LOOP_ANALYSIS = YES;
				CLANG_WARN_STRICT_PROTOTYPES = YES;
				CLANG_WARN_SUSPICIOUS_MOVE = YES;
				CLANG_WARN_UNGUARDED_AVAILABILITY = YES_AGGRESSIVE;
				CLANG_WARN_UNREACHABLE_CODE = YES;
				CLANG_WARN__DUPLICATE_METHOD_MATCH = YES;
				CODE_SIGN_IDENTITY = "iPhone Developer";
				COPY_PHASE_STRIP = NO;
				DEBUG_INFORMATION_FORMAT = dwarf;
				ENABLE_STRICT_OBJC_MSGSEND = YES;
				ENABLE_TESTABILITY = YES;
				GCC_C_LANGUAGE_STANDARD = gnu11;
				GCC_DYNAMIC_NO_PIC = NO;
				GCC_NO_COMMON_BLOCKS = YES;
				GCC_OPTIMIZATION_LEVEL = 0;
				GCC_PREPROCESSOR_DEFINITIONS = (
					"DEBUG=1",
					"$(inherited)",
				);
				GCC_WARN_64_TO_32_BIT_CONVERSION = YES;
				GCC_WARN_ABOUT_RETURN_TYPE = YES_ERROR;
				GCC_WARN_UNDECLARED_SELECTOR = YES;
				GCC_WARN_UNINITIALIZED_AUTOS = YES_AGGRESSIVE;
				GCC_WARN_UNUSED_FUNCTION = YES;
				GCC_WARN_UNUSED_VARIABLE = YES;
				IPHONEOS_DEPLOYMENT_TARGET = 11.4;
				MTL_ENABLE_DEBUG_INFO = YES;
				ONLY_ACTIVE_ARCH = YES;
				SDKROOT = iphoneos;
				SWIFT_ACTIVE_COMPILATION_CONDITIONS = DEBUG;
				SWIFT_OPTIMIZATION_LEVEL = "-Onone";
			};
			name = Debug;
		};
		FA0FB9BD21728DA600B27261 /* Release */ = {
			isa = XCBuildConfiguration;
			buildSettings = {
				ALWAYS_SEARCH_USER_PATHS = NO;
				CLANG_ANALYZER_NONNULL = YES;
				CLANG_ANALYZER_NUMBER_OBJECT_CONVERSION = YES_AGGRESSIVE;
				CLANG_CXX_LANGUAGE_STANDARD = "gnu++14";
				CLANG_CXX_LIBRARY = "libc++";
				CLANG_ENABLE_MODULES = YES;
				CLANG_ENABLE_OBJC_ARC = YES;
				CLANG_ENABLE_OBJC_WEAK = YES;
				CLANG_WARN_BLOCK_CAPTURE_AUTORELEASING = YES;
				CLANG_WARN_BOOL_CONVERSION = YES;
				CLANG_WARN_COMMA = YES;
				CLANG_WARN_CONSTANT_CONVERSION = YES;
				CLANG_WARN_DEPRECATED_OBJC_IMPLEMENTATIONS = YES;
				CLANG_WARN_DIRECT_OBJC_ISA_USAGE = YES_ERROR;
				CLANG_WARN_DOCUMENTATION_COMMENTS = YES;
				CLANG_WARN_EMPTY_BODY = YES;
				CLANG_WARN_ENUM_CONVERSION = YES;
				CLANG_WARN_INFINITE_RECURSION = YES;
				CLANG_WARN_INT_CONVERSION = YES;
				CLANG_WARN_NON_LITERAL_NULL_CONVERSION = YES;
				CLANG_WARN_OBJC_IMPLICIT_RETAIN_SELF = YES;
				CLANG_WARN_OBJC_LITERAL_CONVERSION = YES;
				CLANG_WARN_OBJC_ROOT_CLASS = YES_ERROR;
				CLANG_WARN_RANGE_LOOP_ANALYSIS = YES;
				CLANG_WARN_STRICT_PROTOTYPES = YES;
				CLANG_WARN_SUSPICIOUS_MOVE = YES;
				CLANG_WARN_UNGUARDED_AVAILABILITY = YES_AGGRESSIVE;
				CLANG_WARN_UNREACHABLE_CODE = YES;
				CLANG_WARN__DUPLICATE_METHOD_MATCH = YES;
				CODE_SIGN_IDENTITY = "iPhone Developer";
				COPY_PHASE_STRIP = NO;
				DEBUG_INFORMATION_FORMAT = "dwarf-with-dsym";
				ENABLE_NS_ASSERTIONS = NO;
				ENABLE_STRICT_OBJC_MSGSEND = YES;
				GCC_C_LANGUAGE_STANDARD = gnu11;
				GCC_NO_COMMON_BLOCKS = YES;
				GCC_WARN_64_TO_32_BIT_CONVERSION = YES;
				GCC_WARN_ABOUT_RETURN_TYPE = YES_ERROR;
				GCC_WARN_UNDECLARED_SELECTOR = YES;
				GCC_WARN_UNINITIALIZED_AUTOS = YES_AGGRESSIVE;
				GCC_WARN_UNUSED_FUNCTION = YES;
				GCC_WARN_UNUSED_VARIABLE = YES;
				IPHONEOS_DEPLOYMENT_TARGET = 11.4;
				MTL_ENABLE_DEBUG_INFO = NO;
				SDKROOT = iphoneos;
				SWIFT_COMPILATION_MODE = wholemodule;
				SWIFT_OPTIMIZATION_LEVEL = "-O";
				VALIDATE_PRODUCT = YES;
			};
			name = Release;
		};
		FA0FB9BF21728DA600B27261 /* Debug */ = {
			isa = XCBuildConfiguration;
			buildSettings = {
				ASSETCATALOG_COMPILER_APPICON_NAME = AppIcon;
				CODE_SIGN_STYLE = Automatic;
				INFOPLIST_FILE = FlashCards/Info.plist;
				LD_RUNPATH_SEARCH_PATHS = (
					"$(inherited)",
					"@executable_path/Frameworks",
				);
				PRODUCT_BUNDLE_IDENTIFIER = com.Alex.FlashCards;
				PRODUCT_NAME = "$(TARGET_NAME)";
				SWIFT_VERSION = 4.0;
				TARGETED_DEVICE_FAMILY = "1,2";
			};
			name = Debug;
		};
		FA0FB9C021728DA600B27261 /* Release */ = {
			isa = XCBuildConfiguration;
			buildSettings = {
				ASSETCATALOG_COMPILER_APPICON_NAME = AppIcon;
				CODE_SIGN_STYLE = Automatic;
				INFOPLIST_FILE = FlashCards/Info.plist;
				LD_RUNPATH_SEARCH_PATHS = (
					"$(inherited)",
					"@executable_path/Frameworks",
				);
				PRODUCT_BUNDLE_IDENTIFIER = com.Alex.FlashCards;
				PRODUCT_NAME = "$(TARGET_NAME)";
				SWIFT_VERSION = 4.0;
				TARGETED_DEVICE_FAMILY = "1,2";
			};
			name = Release;
		};
		FA0FB9C221728DA600B27261 /* Debug */ = {
			isa = XCBuildConfiguration;
			buildSettings = {
				ALWAYS_EMBED_SWIFT_STANDARD_LIBRARIES = YES;
				BUNDLE_LOADER = "$(TEST_HOST)";
				CODE_SIGN_STYLE = Automatic;
				INFOPLIST_FILE = FlashCardsTests/Info.plist;
				LD_RUNPATH_SEARCH_PATHS = (
					"$(inherited)",
					"@executable_path/Frameworks",
					"@loader_path/Frameworks",
				);
				PRODUCT_BUNDLE_IDENTIFIER = com.Alex.FlashCardsTests;
				PRODUCT_NAME = "$(TARGET_NAME)";
				SWIFT_VERSION = 4.0;
				TARGETED_DEVICE_FAMILY = "1,2";
				TEST_HOST = "$(BUILT_PRODUCTS_DIR)/FlashCards.app/FlashCards";
			};
			name = Debug;
		};
		FA0FB9C321728DA600B27261 /* Release */ = {
			isa = XCBuildConfiguration;
			buildSettings = {
				ALWAYS_EMBED_SWIFT_STANDARD_LIBRARIES = YES;
				BUNDLE_LOADER = "$(TEST_HOST)";
				CODE_SIGN_STYLE = Automatic;
				INFOPLIST_FILE = FlashCardsTests/Info.plist;
				LD_RUNPATH_SEARCH_PATHS = (
					"$(inherited)",
					"@executable_path/Frameworks",
					"@loader_path/Frameworks",
				);
				PRODUCT_BUNDLE_IDENTIFIER = com.Alex.FlashCardsTests;
				PRODUCT_NAME = "$(TARGET_NAME)";
				SWIFT_VERSION = 4.0;
				TARGETED_DEVICE_FAMILY = "1,2";
				TEST_HOST = "$(BUILT_PRODUCTS_DIR)/FlashCards.app/FlashCards";
			};
			name = Release;
		};
		FA0FB9C521728DA600B27261 /* Debug */ = {
			isa = XCBuildConfiguration;
			buildSettings = {
				ALWAYS_EMBED_SWIFT_STANDARD_LIBRARIES = YES;
				CODE_SIGN_STYLE = Automatic;
				INFOPLIST_FILE = FlashCardsUITests/Info.plist;
				LD_RUNPATH_SEARCH_PATHS = (
					"$(inherited)",
					"@executable_path/Frameworks",
					"@loader_path/Frameworks",
				);
				PRODUCT_BUNDLE_IDENTIFIER = com.Alex.FlashCardsUITests;
				PRODUCT_NAME = "$(TARGET_NAME)";
				SWIFT_VERSION = 4.0;
				TARGETED_DEVICE_FAMILY = "1,2";
				TEST_TARGET_NAME = FlashCards;
			};
			name = Debug;
		};
		FA0FB9C621728DA600B27261 /* Release */ = {
			isa = XCBuildConfiguration;
			buildSettings = {
				ALWAYS_EMBED_SWIFT_STANDARD_LIBRARIES = YES;
				CODE_SIGN_STYLE = Automatic;
				INFOPLIST_FILE = FlashCardsUITests/Info.plist;
				LD_RUNPATH_SEARCH_PATHS = (
					"$(inherited)",
					"@executable_path/Frameworks",
					"@loader_path/Frameworks",
				);
				PRODUCT_BUNDLE_IDENTIFIER = com.Alex.FlashCardsUITests;
				PRODUCT_NAME = "$(TARGET_NAME)";
				SWIFT_VERSION = 4.0;
				TARGETED_DEVICE_FAMILY = "1,2";
				TEST_TARGET_NAME = FlashCards;
			};
			name = Release;
		};
/* End XCBuildConfiguration section */

/* Begin XCConfigurationList section */
		FA0FB99121728DA500B27261 /* Build configuration list for PBXProject "FlashCards" */ = {
			isa = XCConfigurationList;
			buildConfigurations = (
				FA0FB9BC21728DA600B27261 /* Debug */,
				FA0FB9BD21728DA600B27261 /* Release */,
			);
			defaultConfigurationIsVisible = 0;
			defaultConfigurationName = Release;
		};
		FA0FB9BE21728DA600B27261 /* Build configuration list for PBXNativeTarget "FlashCards" */ = {
			isa = XCConfigurationList;
			buildConfigurations = (
				FA0FB9BF21728DA600B27261 /* Debug */,
				FA0FB9C021728DA600B27261 /* Release */,
			);
			defaultConfigurationIsVisible = 0;
			defaultConfigurationName = Release;
		};
		FA0FB9C121728DA600B27261 /* Build configuration list for PBXNativeTarget "FlashCardsTests" */ = {
			isa = XCConfigurationList;
			buildConfigurations = (
				FA0FB9C221728DA600B27261 /* Debug */,
				FA0FB9C321728DA600B27261 /* Release */,
			);
			defaultConfigurationIsVisible = 0;
			defaultConfigurationName = Release;
		};
		FA0FB9C421728DA600B27261 /* Build configuration list for PBXNativeTarget "FlashCardsUITests" */ = {
			isa = XCConfigurationList;
			buildConfigurations = (
				FA0FB9C521728DA600B27261 /* Debug */,
				FA0FB9C621728DA600B27261 /* Release */,
			);
			defaultConfigurationIsVisible = 0;
			defaultConfigurationName = Release;
		};
/* End XCConfigurationList section */
	};
	rootObject = FA0FB98E21728DA500B27261 /* Project object */;
}
